
Microsoft Visual Studio Solution File, Format Version 12.00
# Visual Studio Version 16
VisualStudioVersion = 16.0.30128.36
MinimumVisualStudioVersion = 10.0.40219.1
Project("{FAE04EC0-301F-11D3-BF4B-00C04F79EFBC}") = "CrashCourse", "CrashCourse\CrashCourse.csproj", "{5F323966-3FF3-4F1C-91B0-5EFBE2C5CE62}"
EndProject
Global
	GlobalSection(SolutionConfigurationPlatforms) = preSolution
		Debug|Any CPU = Debug|Any CPU
		Release|Any CPU = Release|Any CPU
	EndGlobalSection
	GlobalSection(ProjectConfigurationPlatforms) = postSolution
		{5F323966-3FF3-4F1C-91B0-5EFBE2C5CE62}.Debug|Any CPU.ActiveCfg = Debug|Any CPU
		{5F323966-3FF3-4F1C-91B0-5EFBE2C5CE62}.Debug|Any CPU.Build.0 = Debug|Any CPU
		{5F323966-3FF3-4F1C-91B0-5EFBE2C5CE62}.Release|Any CPU.ActiveCfg = Release|Any CPU
		{5F323966-3FF3-4F1C-91B0-5EFBE2C5CE62}.Release|Any CPU.Build.0 = Release|Any CPU
	EndGlobalSection
	GlobalSection(SolutionProperties) = preSolution
		HideSolutionNode = FALSE
	EndGlobalSection
	GlobalSection(ExtensibilityGlobals) = postSolution
		SolutionGuid = {8518D1BC-117E-4264-94B7-9FEB85013BFE}
	EndGlobalSection
EndGlobal
